
Microsoft Visual Studio Solution File, Format Version 12.00
# Visual Studio Version 16
VisualStudioVersion = 16.0.31410.357
MinimumVisualStudioVersion = 10.0.40219.1
Project("{FAE04EC0-301F-11D3-BF4B-00C04F79EFBC}") = "U4E11", "U4E11\U4E11.csproj", "{384543FB-6626-4B56-AFD3-687A53BCA805}"
EndProject
Global
	GlobalSection(SolutionConfigurationPlatforms) = preSolution
		Debug|Any CPU = Debug|Any CPU
		Release|Any CPU = Release|Any CPU
	EndGlobalSection
	GlobalSection(ProjectConfigurationPlatforms) = postSolution
		{384543FB-6626-4B56-AFD3-687A53BCA805}.Debug|Any CPU.ActiveCfg = Debug|Any CPU
		{384543FB-6626-4B56-AFD3-687A53BCA805}.Debug|Any CPU.Build.0 = Debug|Any CPU
		{384543FB-6626-4B56-AFD3-687A53BCA805}.Release|Any CPU.ActiveCfg = Release|Any CPU
		{384543FB-6626-4B56-AFD3-687A53BCA805}.Release|Any CPU.Build.0 = Release|Any CPU
	EndGlobalSection
	GlobalSection(SolutionProperties) = preSolution
		HideSolutionNode = FALSE
	EndGlobalSection
	GlobalSection(ExtensibilityGlobals) = postSolution
		SolutionGuid = {8B588CB1-BE5F-4F8F-947B-B7CB471E4D8D}
	EndGlobalSection
EndGlobal
